
Microsoft Visual Studio Solution File, Format Version 12.00
# Visual Studio Version 16
VisualStudioVersion = 16.0.31702.278
MinimumVisualStudioVersion = 10.0.40219.1
Project("{FAE04EC0-301F-11D3-BF4B-00C04F79EFBC}") = "AAA.WEB", "AAA.WEB\AAA.WEB.csproj", "{86FF6D6A-5BC8-4179-ADC8-7B7D1F349301}"
EndProject
Global
	GlobalSection(SolutionConfigurationPlatforms) = preSolution
		Debug|Any CPU = Debug|Any CPU
		Release|Any CPU = Release|Any CPU
	EndGlobalSection
	GlobalSection(ProjectConfigurationPlatforms) = postSolution
		{86FF6D6A-5BC8-4179-ADC8-7B7D1F349301}.Debug|Any CPU.ActiveCfg = Debug|Any CPU
		{86FF6D6A-5BC8-4179-ADC8-7B7D1F349301}.Debug|Any CPU.Build.0 = Debug|Any CPU
		{86FF6D6A-5BC8-4179-ADC8-7B7D1F349301}.Release|Any CPU.ActiveCfg = Release|Any CPU
		{86FF6D6A-5BC8-4179-ADC8-7B7D1F349301}.Release|Any CPU.Build.0 = Release|Any CPU
	EndGlobalSection
	GlobalSection(SolutionProperties) = preSolution
		HideSolutionNode = FALSE
	EndGlobalSection
	GlobalSection(ExtensibilityGlobals) = postSolution
		SolutionGuid = {4DBF7A31-C327-4268-B50D-88EA9EE47922}
	EndGlobalSection
EndGlobal
